// !$*UTF8*$!
{
	archiveVersion = 1;
	classes = {
	};
	objectVersion = 56;
	objects = {

/* Begin PBXBuildFile section */
		7E120D9A286B460800FC5BBE /* CloudKitManager.swift in Sources */ = {isa = PBXBuildFile; fileRef = 7E120D99286B460800FC5BBE /* CloudKitManager.swift */; };
		7E2A92E1286CB15D00F18538 /* CloudKit.framework in Frameworks */ = {isa = PBXBuildFile; fileRef = 7E2A92E0286CB15D00F18538 /* CloudKit.framework */; };
		7E2A92E2286CB6AD00F18538 /* Assets.xcassets in Resources */ = {isa = PBXBuildFile; fileRef = 7E93DA43286B2AD900331A8A /* Assets.xcassets */; };
		7E2A92E8286CC2F400F18538 /* WidgetKit.framework in Frameworks */ = {isa = PBXBuildFile; fileRef = 7E41B674286CAA4000904654 /* WidgetKit.framework */; };
		7E2A92E9286CC2F400F18538 /* SwiftUI.framework in Frameworks */ = {isa = PBXBuildFile; fileRef = 7E41B676286CAA4000904654 /* SwiftUI.framework */; };
		7E2A92EC286CC2F400F18538 /* macOSWidgets.swift in Sources */ = {isa = PBXBuildFile; fileRef = 7E2A92EB286CC2F400F18538 /* macOSWidgets.swift */; };
		7E2A92F3286CC2F500F18538 /* macOSWidgetsExtension.appex in Embed Foundation Extensions */ = {isa = PBXBuildFile; fileRef = 7E2A92E7286CC2F400F18538 /* macOSWidgetsExtension.appex */; platformFilters = (macos, ); settings = {ATTRIBUTES = (RemoveHeadersOnCopy, ); }; };
		7E2A92F7286CC35F00F18538 /* Assets.xcassets in Resources */ = {isa = PBXBuildFile; fileRef = 7E93DA43286B2AD900331A8A /* Assets.xcassets */; };
		7E2A92F8286CC36600F18538 /* CloudKitManager.swift in Sources */ = {isa = PBXBuildFile; fileRef = 7E120D99286B460800FC5BBE /* CloudKitManager.swift */; };
		7E6D3E3D286CB10600FE33BE /* CloudKitManager.swift in Sources */ = {isa = PBXBuildFile; fileRef = 7E120D99286B460800FC5BBE /* CloudKitManager.swift */; };
		7E93DA40286B2AD900331A8A /* Pay_CalculatorApp.swift in Sources */ = {isa = PBXBuildFile; fileRef = 7E93DA3F286B2AD900331A8A /* Pay_CalculatorApp.swift */; };
		7E93DA42286B2AD900331A8A /* ContentView.swift in Sources */ = {isa = PBXBuildFile; fileRef = 7E93DA41286B2AD900331A8A /* ContentView.swift */; };
		7E93DA48286B2AD900331A8A /* Preview Assets.xcassets in Resources */ = {isa = PBXBuildFile; fileRef = 7E93DA47286B2AD900331A8A /* Preview Assets.xcassets */; };
		7E93DA4F286B340800331A8A /* SettingsView.swift in Sources */ = {isa = PBXBuildFile; fileRef = 7E93DA4E286B340800331A8A /* SettingsView.swift */; };
		7E93DA51286B393D00331A8A /* LogHoursView.swift in Sources */ = {isa = PBXBuildFile; fileRef = 7E93DA50286B393D00331A8A /* LogHoursView.swift */; };
		7EA4C60C286CAEEC00A46FF3 /* WidgetKit.framework in Frameworks */ = {isa = PBXBuildFile; fileRef = 7E41B674286CAA4000904654 /* WidgetKit.framework */; };
		7EA4C60D286CAEEC00A46FF3 /* SwiftUI.framework in Frameworks */ = {isa = PBXBuildFile; fileRef = 7E41B676286CAA4000904654 /* SwiftUI.framework */; };
		7EA4C610286CAEEC00A46FF3 /* iOSWidgets.swift in Sources */ = {isa = PBXBuildFile; fileRef = 7EA4C60F286CAEEC00A46FF3 /* iOSWidgets.swift */; };
		7EA4C616286CAEED00A46FF3 /* iOSWidgetsExtension.appex in Embed Foundation Extensions */ = {isa = PBXBuildFile; fileRef = 7EA4C60B286CAEEC00A46FF3 /* iOSWidgetsExtension.appex */; platformFilter = ios; settings = {ATTRIBUTES = (RemoveHeadersOnCopy, ); }; };
		7EDF7C64286CC80300D9418F /* WatchOS_AppApp.swift in Sources */ = {isa = PBXBuildFile; fileRef = 7EDF7C63286CC80300D9418F /* WatchOS_AppApp.swift */; };
		7EDF7C66286CC80300D9418F /* ContentView.swift in Sources */ = {isa = PBXBuildFile; fileRef = 7EDF7C65286CC80300D9418F /* ContentView.swift */; };
		7EDF7C68286CC80300D9418F /* Assets.xcassets in Resources */ = {isa = PBXBuildFile; fileRef = 7EDF7C67286CC80300D9418F /* Assets.xcassets */; };
		7EDF7C6B286CC80300D9418F /* Preview Assets.xcassets in Resources */ = {isa = PBXBuildFile; fileRef = 7EDF7C6A286CC80300D9418F /* Preview Assets.xcassets */; };
		7EDF7C71286CC96200D9418F /* CloudKitManager.swift in Sources */ = {isa = PBXBuildFile; fileRef = 7E120D99286B460800FC5BBE /* CloudKitManager.swift */; };
		7EDF7C72286CCA1200D9418F /* SettingsView.swift in Sources */ = {isa = PBXBuildFile; fileRef = 7E93DA4E286B340800331A8A /* SettingsView.swift */; };
		7EDF7C75286CCB3300D9418F /* MenuView.swift in Sources */ = {isa = PBXBuildFile; fileRef = 7EDF7C74286CCB3300D9418F /* MenuView.swift */; };
		7EDF7C77286CCE5900D9418F /* LogHoursView.swift in Sources */ = {isa = PBXBuildFile; fileRef = 7EDF7C76286CCE5900D9418F /* LogHoursView.swift */; };
/* End PBXBuildFile section */

/* Begin PBXContainerItemProxy section */
		7E2A92F1286CC2F500F18538 /* PBXContainerItemProxy */ = {
			isa = PBXContainerItemProxy;
			containerPortal = 7E93DA34286B2AD900331A8A /* Project object */;
			proxyType = 1;
			remoteGlobalIDString = 7E2A92E6286CC2F400F18538;
			remoteInfo = macOSWidgetsExtension;
		};
		7EA4C614286CAEED00A46FF3 /* PBXContainerItemProxy */ = {
			isa = PBXContainerItemProxy;
			containerPortal = 7E93DA34286B2AD900331A8A /* Project object */;
			proxyType = 1;
			remoteGlobalIDString = 7EA4C60A286CAEEC00A46FF3;
			remoteInfo = iOSWidgetsExtension;
		};
/* End PBXContainerItemProxy section */

/* Begin PBXCopyFilesBuildPhase section */
		7E2A930E286CC4E200F18538 /* Embed Watch Content */ = {
			isa = PBXCopyFilesBuildPhase;
			buildActionMask = 2147483647;
			dstPath = "$(CONTENTS_FOLDER_PATH)/Watch";
			dstSubfolderSpec = 16;
			files = (
			);
			name = "Embed Watch Content";
			runOnlyForDeploymentPostprocessing = 0;
		};
		7E41B684286CAA4100904654 /* Embed Foundation Extensions */ = {
			isa = PBXCopyFilesBuildPhase;
			buildActionMask = 2147483647;
			dstPath = "";
			dstSubfolderSpec = 13;
			files = (
				7E2A92F3286CC2F500F18538 /* macOSWidgetsExtension.appex in Embed Foundation Extensions */,
				7EA4C616286CAEED00A46FF3 /* iOSWidgetsExtension.appex in Embed Foundation Extensions */,
			);
			name = "Embed Foundation Extensions";
			runOnlyForDeploymentPostprocessing = 0;
		};
/* End PBXCopyFilesBuildPhase section */

/* Begin PBXFileReference section */
		7E120D99286B460800FC5BBE /* CloudKitManager.swift */ = {isa = PBXFileReference; lastKnownFileType = sourcecode.swift; path = CloudKitManager.swift; sourceTree = "<group>"; };
		7E2A92E0286CB15D00F18538 /* CloudKit.framework */ = {isa = PBXFileReference; lastKnownFileType = wrapper.framework; name = CloudKit.framework; path = Platforms/iPhoneOS.platform/Developer/SDKs/iPhoneOS16.0.sdk/System/Library/Frameworks/CloudKit.framework; sourceTree = DEVELOPER_DIR; };
		7E2A92E7286CC2F400F18538 /* macOSWidgetsExtension.appex */ = {isa = PBXFileReference; explicitFileType = "wrapper.app-extension"; includeInIndex = 0; path = macOSWidgetsExtension.appex; sourceTree = BUILT_PRODUCTS_DIR; };
		7E2A92EB286CC2F400F18538 /* macOSWidgets.swift */ = {isa = PBXFileReference; lastKnownFileType = sourcecode.swift; path = macOSWidgets.swift; sourceTree = "<group>"; };
		7E2A92EF286CC2F500F18538 /* Info.plist */ = {isa = PBXFileReference; lastKnownFileType = text.plist.xml; path = Info.plist; sourceTree = "<group>"; };
		7E2A92F0286CC2F500F18538 /* macOSWidgets.entitlements */ = {isa = PBXFileReference; lastKnownFileType = text.plist.entitlements; path = macOSWidgets.entitlements; sourceTree = "<group>"; };
		7E41B674286CAA4000904654 /* WidgetKit.framework */ = {isa = PBXFileReference; lastKnownFileType = wrapper.framework; name = WidgetKit.framework; path = System/Library/Frameworks/WidgetKit.framework; sourceTree = SDKROOT; };
		7E41B676286CAA4000904654 /* SwiftUI.framework */ = {isa = PBXFileReference; lastKnownFileType = wrapper.framework; name = SwiftUI.framework; path = System/Library/Frameworks/SwiftUI.framework; sourceTree = SDKROOT; };
		7E41B689286CAB3C00904654 /* iOSWidgetsExtension.entitlements */ = {isa = PBXFileReference; lastKnownFileType = text.plist.entitlements; path = iOSWidgetsExtension.entitlements; sourceTree = "<group>"; };
		7E93DA3C286B2AD900331A8A /* Pay Calculator.app */ = {isa = PBXFileReference; explicitFileType = wrapper.application; includeInIndex = 0; path = "Pay Calculator.app"; sourceTree = BUILT_PRODUCTS_DIR; };
		7E93DA3F286B2AD900331A8A /* Pay_CalculatorApp.swift */ = {isa = PBXFileReference; lastKnownFileType = sourcecode.swift; path = Pay_CalculatorApp.swift; sourceTree = "<group>"; };
		7E93DA41286B2AD900331A8A /* ContentView.swift */ = {isa = PBXFileReference; lastKnownFileType = sourcecode.swift; path = ContentView.swift; sourceTree = "<group>"; };
		7E93DA43286B2AD900331A8A /* Assets.xcassets */ = {isa = PBXFileReference; lastKnownFileType = folder.assetcatalog; path = Assets.xcassets; sourceTree = "<group>"; };
		7E93DA45286B2AD900331A8A /* Pay_Calculator.entitlements */ = {isa = PBXFileReference; lastKnownFileType = text.plist.entitlements; path = Pay_Calculator.entitlements; sourceTree = "<group>"; };
		7E93DA47286B2AD900331A8A /* Preview Assets.xcassets */ = {isa = PBXFileReference; lastKnownFileType = folder.assetcatalog; path = "Preview Assets.xcassets"; sourceTree = "<group>"; };
		7E93DA4E286B340800331A8A /* SettingsView.swift */ = {isa = PBXFileReference; lastKnownFileType = sourcecode.swift; path = SettingsView.swift; sourceTree = "<group>"; };
		7E93DA50286B393D00331A8A /* LogHoursView.swift */ = {isa = PBXFileReference; lastKnownFileType = sourcecode.swift; path = LogHoursView.swift; sourceTree = "<group>"; };
		7EA4C60B286CAEEC00A46FF3 /* iOSWidgetsExtension.appex */ = {isa = PBXFileReference; explicitFileType = "wrapper.app-extension"; includeInIndex = 0; path = iOSWidgetsExtension.appex; sourceTree = BUILT_PRODUCTS_DIR; };
		7EA4C60F286CAEEC00A46FF3 /* iOSWidgets.swift */ = {isa = PBXFileReference; lastKnownFileType = sourcecode.swift; path = iOSWidgets.swift; sourceTree = "<group>"; };
		7EA4C613286CAEED00A46FF3 /* Info.plist */ = {isa = PBXFileReference; lastKnownFileType = text.plist.xml; path = Info.plist; sourceTree = "<group>"; };
		7EDF7C61286CC80200D9418F /* Pay Calculator.app */ = {isa = PBXFileReference; explicitFileType = wrapper.application; includeInIndex = 0; path = "Pay Calculator.app"; sourceTree = BUILT_PRODUCTS_DIR; };
		7EDF7C63286CC80300D9418F /* WatchOS_AppApp.swift */ = {isa = PBXFileReference; lastKnownFileType = sourcecode.swift; path = WatchOS_AppApp.swift; sourceTree = "<group>"; };
		7EDF7C65286CC80300D9418F /* ContentView.swift */ = {isa = PBXFileReference; lastKnownFileType = sourcecode.swift; path = ContentView.swift; sourceTree = "<group>"; };
		7EDF7C67286CC80300D9418F /* Assets.xcassets */ = {isa = PBXFileReference; lastKnownFileType = folder.assetcatalog; path = Assets.xcassets; sourceTree = "<group>"; };
		7EDF7C6A286CC80300D9418F /* Preview Assets.xcassets */ = {isa = PBXFileReference; lastKnownFileType = folder.assetcatalog; path = "Preview Assets.xcassets"; sourceTree = "<group>"; };
		7EDF7C6F286CC87200D9418F /* WatchOS App Watch App.entitlements */ = {isa = PBXFileReference; lastKnownFileType = text.plist.entitlements; path = "WatchOS App Watch App.entitlements"; sourceTree = "<group>"; };
		7EDF7C74286CCB3300D9418F /* MenuView.swift */ = {isa = PBXFileReference; lastKnownFileType = sourcecode.swift; path = MenuView.swift; sourceTree = "<group>"; };
		7EDF7C76286CCE5900D9418F /* LogHoursView.swift */ = {isa = PBXFileReference; lastKnownFileType = sourcecode.swift; path = LogHoursView.swift; sourceTree = "<group>"; };
/* End PBXFileReference section */

/* Begin PBXFrameworksBuildPhase section */
		7E2A92E4286CC2F400F18538 /* Frameworks */ = {
			isa = PBXFrameworksBuildPhase;
			buildActionMask = 2147483647;
			files = (
				7E2A92E9286CC2F400F18538 /* SwiftUI.framework in Frameworks */,
				7E2A92E8286CC2F400F18538 /* WidgetKit.framework in Frameworks */,
			);
			runOnlyForDeploymentPostprocessing = 0;
		};
		7E93DA39286B2AD900331A8A /* Frameworks */ = {
			isa = PBXFrameworksBuildPhase;
			buildActionMask = 2147483647;
			files = (
			);
			runOnlyForDeploymentPostprocessing = 0;
		};
		7EA4C608286CAEEC00A46FF3 /* Frameworks */ = {
			isa = PBXFrameworksBuildPhase;
			buildActionMask = 2147483647;
			files = (
				7E2A92E1286CB15D00F18538 /* CloudKit.framework in Frameworks */,
				7EA4C60D286CAEEC00A46FF3 /* SwiftUI.framework in Frameworks */,
				7EA4C60C286CAEEC00A46FF3 /* WidgetKit.framework in Frameworks */,
			);
			runOnlyForDeploymentPostprocessing = 0;
		};
		7EDF7C5E286CC80200D9418F /* Frameworks */ = {
			isa = PBXFrameworksBuildPhase;
			buildActionMask = 2147483647;
			files = (
			);
			runOnlyForDeploymentPostprocessing = 0;
		};
/* End PBXFrameworksBuildPhase section */

/* Begin PBXGroup section */
		7E120D98286B45E400FC5BBE /* View */ = {
			isa = PBXGroup;
			children = (
				7E93DA41286B2AD900331A8A /* ContentView.swift */,
				7E93DA4E286B340800331A8A /* SettingsView.swift */,
				7E93DA50286B393D00331A8A /* LogHoursView.swift */,
			);
			path = View;
			sourceTree = "<group>";
		};
		7E2A92EA286CC2F400F18538 /* macOSWidgets */ = {
			isa = PBXGroup;
			children = (
				7E2A92EB286CC2F400F18538 /* macOSWidgets.swift */,
				7E2A92EF286CC2F500F18538 /* Info.plist */,
				7E2A92F0286CC2F500F18538 /* macOSWidgets.entitlements */,
			);
			path = macOSWidgets;
			sourceTree = "<group>";
		};
		7E41B673286CAA4000904654 /* Frameworks */ = {
			isa = PBXGroup;
			children = (
				7E2A92E0286CB15D00F18538 /* CloudKit.framework */,
				7E41B674286CAA4000904654 /* WidgetKit.framework */,
				7E41B676286CAA4000904654 /* SwiftUI.framework */,
			);
			name = Frameworks;
			sourceTree = "<group>";
		};
		7E93DA33286B2AD900331A8A = {
			isa = PBXGroup;
			children = (
				7E41B689286CAB3C00904654 /* iOSWidgetsExtension.entitlements */,
				7E93DA3E286B2AD900331A8A /* Pay Calculator */,
				7EA4C60E286CAEEC00A46FF3 /* iOSWidgets */,
				7E2A92EA286CC2F400F18538 /* macOSWidgets */,
				7EDF7C62286CC80300D9418F /* WatchOS App Watch App */,
				7E41B673286CAA4000904654 /* Frameworks */,
				7E93DA3D286B2AD900331A8A /* Products */,
			);
			sourceTree = "<group>";
		};
		7E93DA3D286B2AD900331A8A /* Products */ = {
			isa = PBXGroup;
			children = (
				7E93DA3C286B2AD900331A8A /* Pay Calculator.app */,
				7EA4C60B286CAEEC00A46FF3 /* iOSWidgetsExtension.appex */,
				7E2A92E7286CC2F400F18538 /* macOSWidgetsExtension.appex */,
				7EDF7C61286CC80200D9418F /* Pay Calculator.app */,
			);
			name = Products;
			sourceTree = "<group>";
		};
		7E93DA3E286B2AD900331A8A /* Pay Calculator */ = {
			isa = PBXGroup;
			children = (
				7E120D98286B45E400FC5BBE /* View */,
				7E93DA3F286B2AD900331A8A /* Pay_CalculatorApp.swift */,
				7E93DA43286B2AD900331A8A /* Assets.xcassets */,
				7E93DA45286B2AD900331A8A /* Pay_Calculator.entitlements */,
				7E93DA46286B2AD900331A8A /* Preview Content */,
				7E120D99286B460800FC5BBE /* CloudKitManager.swift */,
			);
			path = "Pay Calculator";
			sourceTree = "<group>";
		};
		7E93DA46286B2AD900331A8A /* Preview Content */ = {
			isa = PBXGroup;
			children = (
				7E93DA47286B2AD900331A8A /* Preview Assets.xcassets */,
			);
			path = "Preview Content";
			sourceTree = "<group>";
		};
		7EA4C60E286CAEEC00A46FF3 /* iOSWidgets */ = {
			isa = PBXGroup;
			children = (
				7EA4C60F286CAEEC00A46FF3 /* iOSWidgets.swift */,
				7EA4C613286CAEED00A46FF3 /* Info.plist */,
			);
			path = iOSWidgets;
			sourceTree = "<group>";
		};
		7EDF7C62286CC80300D9418F /* WatchOS App Watch App */ = {
			isa = PBXGroup;
			children = (
				7EDF7C6F286CC87200D9418F /* WatchOS App Watch App.entitlements */,
				7EDF7C63286CC80300D9418F /* WatchOS_AppApp.swift */,
				7EDF7C65286CC80300D9418F /* ContentView.swift */,
				7EDF7C67286CC80300D9418F /* Assets.xcassets */,
				7EDF7C69286CC80300D9418F /* Preview Content */,
				7EDF7C74286CCB3300D9418F /* MenuView.swift */,
				7EDF7C76286CCE5900D9418F /* LogHoursView.swift */,
			);
			path = "WatchOS App Watch App";
			sourceTree = "<group>";
		};
		7EDF7C69286CC80300D9418F /* Preview Content */ = {
			isa = PBXGroup;
			children = (
				7EDF7C6A286CC80300D9418F /* Preview Assets.xcassets */,
			);
			path = "Preview Content";
			sourceTree = "<group>";
		};
/* End PBXGroup section */

/* Begin PBXNativeTarget section */
		7E2A92E6286CC2F400F18538 /* macOSWidgetsExtension */ = {
			isa = PBXNativeTarget;
			buildConfigurationList = 7E2A92F4286CC2F500F18538 /* Build configuration list for PBXNativeTarget "macOSWidgetsExtension" */;
			buildPhases = (
				7E2A92E3286CC2F400F18538 /* Sources */,
				7E2A92E4286CC2F400F18538 /* Frameworks */,
				7E2A92E5286CC2F400F18538 /* Resources */,
			);
			buildRules = (
			);
			dependencies = (
			);
			name = macOSWidgetsExtension;
			productName = macOSWidgetsExtension;
			productReference = 7E2A92E7286CC2F400F18538 /* macOSWidgetsExtension.appex */;
			productType = "com.apple.product-type.app-extension";
		};
		7E93DA3B286B2AD900331A8A /* Pay Calculator */ = {
			isa = PBXNativeTarget;
			buildConfigurationList = 7E93DA4B286B2AD900331A8A /* Build configuration list for PBXNativeTarget "Pay Calculator" */;
			buildPhases = (
				7E93DA38286B2AD900331A8A /* Sources */,
				7E93DA39286B2AD900331A8A /* Frameworks */,
				7E93DA3A286B2AD900331A8A /* Resources */,
				7E41B684286CAA4100904654 /* Embed Foundation Extensions */,
				7E2A930E286CC4E200F18538 /* Embed Watch Content */,
			);
			buildRules = (
			);
			dependencies = (
				7EA4C615286CAEED00A46FF3 /* PBXTargetDependency */,
				7E2A92F2286CC2F500F18538 /* PBXTargetDependency */,
			);
			name = "Pay Calculator";
			productName = "Pay Calculator";
			productReference = 7E93DA3C286B2AD900331A8A /* Pay Calculator.app */;
			productType = "com.apple.product-type.application";
		};
		7EA4C60A286CAEEC00A46FF3 /* iOSWidgetsExtension */ = {
			isa = PBXNativeTarget;
			buildConfigurationList = 7EA4C617286CAEED00A46FF3 /* Build configuration list for PBXNativeTarget "iOSWidgetsExtension" */;
			buildPhases = (
				7EA4C607286CAEEC00A46FF3 /* Sources */,
				7EA4C608286CAEEC00A46FF3 /* Frameworks */,
				7EA4C609286CAEEC00A46FF3 /* Resources */,
			);
			buildRules = (
			);
			dependencies = (
			);
			name = iOSWidgetsExtension;
			productName = iOSWidgetsExtension;
			productReference = 7EA4C60B286CAEEC00A46FF3 /* iOSWidgetsExtension.appex */;
			productType = "com.apple.product-type.app-extension";
		};
		7EDF7C60286CC80200D9418F /* WatchOS App Watch App */ = {
			isa = PBXNativeTarget;
			buildConfigurationList = 7EDF7C6E286CC80300D9418F /* Build configuration list for PBXNativeTarget "WatchOS App Watch App" */;
			buildPhases = (
				7EDF7C5D286CC80200D9418F /* Sources */,
				7EDF7C5E286CC80200D9418F /* Frameworks */,
				7EDF7C5F286CC80200D9418F /* Resources */,
			);
			buildRules = (
			);
			dependencies = (
			);
			name = "WatchOS App Watch App";
			productName = "WatchOS App Watch App";
			productReference = 7EDF7C61286CC80200D9418F /* Pay Calculator.app */;
			productType = "com.apple.product-type.application";
		};
/* End PBXNativeTarget section */

/* Begin PBXProject section */
		7E93DA34286B2AD900331A8A /* Project object */ = {
			isa = PBXProject;
			attributes = {
				BuildIndependentTargetsInParallel = 1;
				LastSwiftUpdateCheck = 1400;
				LastUpgradeCheck = 1400;
				TargetAttributes = {
					7E2A92E6286CC2F400F18538 = {
						CreatedOnToolsVersion = 14.0;
					};
					7E93DA3B286B2AD900331A8A = {
						CreatedOnToolsVersion = 14.0;
					};
					7EA4C60A286CAEEC00A46FF3 = {
						CreatedOnToolsVersion = 14.0;
					};
					7EDF7C60286CC80200D9418F = {
						CreatedOnToolsVersion = 14.0;
					};
				};
			};
			buildConfigurationList = 7E93DA37286B2AD900331A8A /* Build configuration list for PBXProject "Pay Calculator" */;
			compatibilityVersion = "Xcode 14.0";
			developmentRegion = en;
			hasScannedForEncodings = 0;
			knownRegions = (
				en,
				Base,
			);
			mainGroup = 7E93DA33286B2AD900331A8A;
			productRefGroup = 7E93DA3D286B2AD900331A8A /* Products */;
			projectDirPath = "";
			projectRoot = "";
			targets = (
				7E93DA3B286B2AD900331A8A /* Pay Calculator */,
				7EA4C60A286CAEEC00A46FF3 /* iOSWidgetsExtension */,
				7E2A92E6286CC2F400F18538 /* macOSWidgetsExtension */,
				7EDF7C60286CC80200D9418F /* WatchOS App Watch App */,
			);
		};
/* End PBXProject section */

/* Begin PBXResourcesBuildPhase section */
		7E2A92E5286CC2F400F18538 /* Resources */ = {
			isa = PBXResourcesBuildPhase;
			buildActionMask = 2147483647;
			files = (
				7E2A92F7286CC35F00F18538 /* Assets.xcassets in Resources */,
			);
			runOnlyForDeploymentPostprocessing = 0;
		};
		7E93DA3A286B2AD900331A8A /* Resources */ = {
			isa = PBXResourcesBuildPhase;
			buildActionMask = 2147483647;
			files = (
				7E93DA48286B2AD900331A8A /* Preview Assets.xcassets in Resources */,
			);
			runOnlyForDeploymentPostprocessing = 0;
		};
		7EA4C609286CAEEC00A46FF3 /* Resources */ = {
			isa = PBXResourcesBuildPhase;
			buildActionMask = 2147483647;
			files = (
				7E2A92E2286CB6AD00F18538 /* Assets.xcassets in Resources */,
			);
			runOnlyForDeploymentPostprocessing = 0;
		};
		7EDF7C5F286CC80200D9418F /* Resources */ = {
			isa = PBXResourcesBuildPhase;
			buildActionMask = 2147483647;
			files = (
				7EDF7C6B286CC80300D9418F /* Preview Assets.xcassets in Resources */,
				7EDF7C68286CC80300D9418F /* Assets.xcassets in Resources */,
			);
			runOnlyForDeploymentPostprocessing = 0;
		};
/* End PBXResourcesBuildPhase section */

/* Begin PBXSourcesBuildPhase section */
		7E2A92E3286CC2F400F18538 /* Sources */ = {
			isa = PBXSourcesBuildPhase;
			buildActionMask = 2147483647;
			files = (
				7E2A92F8286CC36600F18538 /* CloudKitManager.swift in Sources */,
				7E2A92EC286CC2F400F18538 /* macOSWidgets.swift in Sources */,
			);
			runOnlyForDeploymentPostprocessing = 0;
		};
		7E93DA38286B2AD900331A8A /* Sources */ = {
			isa = PBXSourcesBuildPhase;
			buildActionMask = 2147483647;
			files = (
				7E93DA4F286B340800331A8A /* SettingsView.swift in Sources */,
				7E93DA42286B2AD900331A8A /* ContentView.swift in Sources */,
				7E93DA40286B2AD900331A8A /* Pay_CalculatorApp.swift in Sources */,
				7E93DA51286B393D00331A8A /* LogHoursView.swift in Sources */,
				7E120D9A286B460800FC5BBE /* CloudKitManager.swift in Sources */,
			);
			runOnlyForDeploymentPostprocessing = 0;
		};
		7EA4C607286CAEEC00A46FF3 /* Sources */ = {
			isa = PBXSourcesBuildPhase;
			buildActionMask = 2147483647;
			files = (
				7E6D3E3D286CB10600FE33BE /* CloudKitManager.swift in Sources */,
				7EA4C610286CAEEC00A46FF3 /* iOSWidgets.swift in Sources */,
			);
			runOnlyForDeploymentPostprocessing = 0;
		};
		7EDF7C5D286CC80200D9418F /* Sources */ = {
			isa = PBXSourcesBuildPhase;
			buildActionMask = 2147483647;
			files = (
				7EDF7C66286CC80300D9418F /* ContentView.swift in Sources */,
				7EDF7C77286CCE5900D9418F /* LogHoursView.swift in Sources */,
				7EDF7C75286CCB3300D9418F /* MenuView.swift in Sources */,
				7EDF7C72286CCA1200D9418F /* SettingsView.swift in Sources */,
				7EDF7C64286CC80300D9418F /* WatchOS_AppApp.swift in Sources */,
				7EDF7C71286CC96200D9418F /* CloudKitManager.swift in Sources */,
			);
			runOnlyForDeploymentPostprocessing = 0;
		};
/* End PBXSourcesBuildPhase section */

/* Begin PBXTargetDependency section */
		7E2A92F2286CC2F500F18538 /* PBXTargetDependency */ = {
			isa = PBXTargetDependency;
			platformFilters = (
				macos,
			);
			target = 7E2A92E6286CC2F400F18538 /* macOSWidgetsExtension */;
			targetProxy = 7E2A92F1286CC2F500F18538 /* PBXContainerItemProxy */;
		};
		7EA4C615286CAEED00A46FF3 /* PBXTargetDependency */ = {
			isa = PBXTargetDependency;
			platformFilter = ios;
			target = 7EA4C60A286CAEEC00A46FF3 /* iOSWidgetsExtension */;
			targetProxy = 7EA4C614286CAEED00A46FF3 /* PBXContainerItemProxy */;
		};
/* End PBXTargetDependency section */

/* Begin XCBuildConfiguration section */
		7E2A92F5286CC2F500F18538 /* Debug */ = {
			isa = XCBuildConfiguration;
			buildSettings = {
				ASSETCATALOG_COMPILER_GLOBAL_ACCENT_COLOR_NAME = AccentColor;
				ASSETCATALOG_COMPILER_WIDGET_BACKGROUND_COLOR_NAME = WidgetBackground;
				CODE_SIGN_ENTITLEMENTS = macOSWidgets/macOSWidgets.entitlements;
				CODE_SIGN_STYLE = Automatic;
				CURRENT_PROJECT_VERSION = 1;
				DEVELOPMENT_TEAM = FJ799JZWN8;
				ENABLE_HARDENED_RUNTIME = YES;
				GENERATE_INFOPLIST_FILE = YES;
				INFOPLIST_FILE = macOSWidgets/Info.plist;
				INFOPLIST_KEY_CFBundleDisplayName = macOSWidgets;
				INFOPLIST_KEY_NSHumanReadableCopyright = "";
				LD_RUNPATH_SEARCH_PATHS = (
					"$(inherited)",
					"@executable_path/../Frameworks",
					"@executable_path/../../../../Frameworks",
				);
				MACOSX_DEPLOYMENT_TARGET = 13.0;
				MARKETING_VERSION = 1.0;
				PRODUCT_BUNDLE_IDENTIFIER = "com.benbrackenbury.Pay-Calculator.macOSWidgets";
				PRODUCT_NAME = "$(TARGET_NAME)";
				SDKROOT = macosx;
				SKIP_INSTALL = YES;
				SWIFT_EMIT_LOC_STRINGS = YES;
				SWIFT_VERSION = 5.0;
			};
			name = Debug;
		};
		7E2A92F6286CC2F500F18538 /* Release */ = {
			isa = XCBuildConfiguration;
			buildSettings = {
				ASSETCATALOG_COMPILER_GLOBAL_ACCENT_COLOR_NAME = AccentColor;
				ASSETCATALOG_COMPILER_WIDGET_BACKGROUND_COLOR_NAME = WidgetBackground;
				CODE_SIGN_ENTITLEMENTS = macOSWidgets/macOSWidgets.entitlements;
				CODE_SIGN_STYLE = Automatic;
				CURRENT_PROJECT_VERSION = 1;
				DEVELOPMENT_TEAM = FJ799JZWN8;
				ENABLE_HARDENED_RUNTIME = YES;
				GENERATE_INFOPLIST_FILE = YES;
				INFOPLIST_FILE = macOSWidgets/Info.plist;
				INFOPLIST_KEY_CFBundleDisplayName = macOSWidgets;
				INFOPLIST_KEY_NSHumanReadableCopyright = "";
				LD_RUNPATH_SEARCH_PATHS = (
					"$(inherited)",
					"@executable_path/../Frameworks",
					"@executable_path/../../../../Frameworks",
				);
				MACOSX_DEPLOYMENT_TARGET = 13.0;
				MARKETING_VERSION = 1.0;
				PRODUCT_BUNDLE_IDENTIFIER = "com.benbrackenbury.Pay-Calculator.macOSWidgets";
				PRODUCT_NAME = "$(TARGET_NAME)";
				SDKROOT = macosx;
				SKIP_INSTALL = YES;
				SWIFT_EMIT_LOC_STRINGS = YES;
				SWIFT_VERSION = 5.0;
			};
			name = Release;
		};
		7E93DA49286B2AD900331A8A /* Debug */ = {
			isa = XCBuildConfiguration;
			buildSettings = {
				ALWAYS_SEARCH_USER_PATHS = NO;
				CLANG_ANALYZER_NONNULL = YES;
				CLANG_ANALYZER_NUMBER_OBJECT_CONVERSION = YES_AGGRESSIVE;
				CLANG_CXX_LANGUAGE_STANDARD = "gnu++17";
				CLANG_ENABLE_MODULES = YES;
				CLANG_ENABLE_OBJC_ARC = YES;
				CLANG_ENABLE_OBJC_WEAK = YES;
				CLANG_WARN_BLOCK_CAPTURE_AUTORELEASING = YES;
				CLANG_WARN_BOOL_CONVERSION = YES;
				CLANG_WARN_COMMA = YES;
				CLANG_WARN_CONSTANT_CONVERSION = YES;
				CLANG_WARN_DEPRECATED_OBJC_IMPLEMENTATIONS = YES;
				CLANG_WARN_DIRECT_OBJC_ISA_USAGE = YES_ERROR;
				CLANG_WARN_DOCUMENTATION_COMMENTS = YES;
				CLANG_WARN_EMPTY_BODY = YES;
				CLANG_WARN_ENUM_CONVERSION = YES;
				CLANG_WARN_INFINITE_RECURSION = YES;
				CLANG_WARN_INT_CONVERSION = YES;
				CLANG_WARN_NON_LITERAL_NULL_CONVERSION = YES;
				CLANG_WARN_OBJC_IMPLICIT_RETAIN_SELF = YES;
				CLANG_WARN_OBJC_LITERAL_CONVERSION = YES;
				CLANG_WARN_OBJC_ROOT_CLASS = YES_ERROR;
				CLANG_WARN_QUOTED_INCLUDE_IN_FRAMEWORK_HEADER = YES;
				CLANG_WARN_RANGE_LOOP_ANALYSIS = YES;
				CLANG_WARN_STRICT_PROTOTYPES = YES;
				CLANG_WARN_SUSPICIOUS_MOVE = YES;
				CLANG_WARN_UNGUARDED_AVAILABILITY = YES_AGGRESSIVE;
				CLANG_WARN_UNREACHABLE_CODE = YES;
				CLANG_WARN__DUPLICATE_METHOD_MATCH = YES;
				COPY_PHASE_STRIP = NO;
				DEBUG_INFORMATION_FORMAT = dwarf;
				ENABLE_STRICT_OBJC_MSGSEND = YES;
				ENABLE_TESTABILITY = YES;
				GCC_C_LANGUAGE_STANDARD = gnu11;
				GCC_DYNAMIC_NO_PIC = NO;
				GCC_NO_COMMON_BLOCKS = YES;
				GCC_OPTIMIZATION_LEVEL = 0;
				GCC_PREPROCESSOR_DEFINITIONS = (
					"DEBUG=1",
					"$(inherited)",
				);
				GCC_WARN_64_TO_32_BIT_CONVERSION = YES;
				GCC_WARN_ABOUT_RETURN_TYPE = YES_ERROR;
				GCC_WARN_UNDECLARED_SELECTOR = YES;
				GCC_WARN_UNINITIALIZED_AUTOS = YES_AGGRESSIVE;
				GCC_WARN_UNUSED_FUNCTION = YES;
				GCC_WARN_UNUSED_VARIABLE = YES;
				MTL_ENABLE_DEBUG_INFO = INCLUDE_SOURCE;
				MTL_FAST_MATH = YES;
				ONLY_ACTIVE_ARCH = YES;
				SWIFT_ACTIVE_COMPILATION_CONDITIONS = DEBUG;
				SWIFT_OPTIMIZATION_LEVEL = "-Onone";
			};
			name = Debug;
		};
		7E93DA4A286B2AD900331A8A /* Release */ = {
			isa = XCBuildConfiguration;
			buildSettings = {
				ALWAYS_SEARCH_USER_PATHS = NO;
				CLANG_ANALYZER_NONNULL = YES;
				CLANG_ANALYZER_NUMBER_OBJECT_CONVERSION = YES_AGGRESSIVE;
				CLANG_CXX_LANGUAGE_STANDARD = "gnu++17";
				CLANG_ENABLE_MODULES = YES;
				CLANG_ENABLE_OBJC_ARC = YES;
				CLANG_ENABLE_OBJC_WEAK = YES;
				CLANG_WARN_BLOCK_CAPTURE_AUTORELEASING = YES;
				CLANG_WARN_BOOL_CONVERSION = YES;
				CLANG_WARN_COMMA = YES;
				CLANG_WARN_CONSTANT_CONVERSION = YES;
				CLANG_WARN_DEPRECATED_OBJC_IMPLEMENTATIONS = YES;
				CLANG_WARN_DIRECT_OBJC_ISA_USAGE = YES_ERROR;
				CLANG_WARN_DOCUMENTATION_COMMENTS = YES;
				CLANG_WARN_EMPTY_BODY = YES;
				CLANG_WARN_ENUM_CONVERSION = YES;
				CLANG_WARN_INFINITE_RECURSION = YES;
				CLANG_WARN_INT_CONVERSION = YES;
				CLANG_WARN_NON_LITERAL_NULL_CONVERSION = YES;
				CLANG_WARN_OBJC_IMPLICIT_RETAIN_SELF = YES;
				CLANG_WARN_OBJC_LITERAL_CONVERSION = YES;
				CLANG_WARN_OBJC_ROOT_CLASS = YES_ERROR;
				CLANG_WARN_QUOTED_INCLUDE_IN_FRAMEWORK_HEADER = YES;
				CLANG_WARN_RANGE_LOOP_ANALYSIS = YES;
				CLANG_WARN_STRICT_PROTOTYPES = YES;
				CLANG_WARN_SUSPICIOUS_MOVE = YES;
				CLANG_WARN_UNGUARDED_AVAILABILITY = YES_AGGRESSIVE;
				CLANG_WARN_UNREACHABLE_CODE = YES;
				CLANG_WARN__DUPLICATE_METHOD_MATCH = YES;
				COPY_PHASE_STRIP = NO;
				DEBUG_INFORMATION_FORMAT = "dwarf-with-dsym";
				ENABLE_NS_ASSERTIONS = NO;
				ENABLE_STRICT_OBJC_MSGSEND = YES;
				GCC_C_LANGUAGE_STANDARD = gnu11;
				GCC_NO_COMMON_BLOCKS = YES;
				GCC_WARN_64_TO_32_BIT_CONVERSION = YES;
				GCC_WARN_ABOUT_RETURN_TYPE = YES_ERROR;
				GCC_WARN_UNDECLARED_SELECTOR = YES;
				GCC_WARN_UNINITIALIZED_AUTOS = YES_AGGRESSIVE;
				GCC_WARN_UNUSED_FUNCTION = YES;
				GCC_WARN_UNUSED_VARIABLE = YES;
				MTL_ENABLE_DEBUG_INFO = NO;
				MTL_FAST_MATH = YES;
				SWIFT_COMPILATION_MODE = wholemodule;
				SWIFT_OPTIMIZATION_LEVEL = "-O";
			};
			name = Release;
		};
		7E93DA4C286B2AD900331A8A /* Debug */ = {
			isa = XCBuildConfiguration;
			buildSettings = {
				ALWAYS_EMBED_SWIFT_STANDARD_LIBRARIES = YES;
				ASSETCATALOG_COMPILER_APPICON_NAME = AppIcon;
				ASSETCATALOG_COMPILER_GLOBAL_ACCENT_COLOR_NAME = AccentColor;
				CODE_SIGN_ENTITLEMENTS = "Pay Calculator/Pay_Calculator.entitlements";
				CODE_SIGN_STYLE = Automatic;
				CURRENT_PROJECT_VERSION = 1.0.0a1;
				DEVELOPMENT_ASSET_PATHS = "\"Pay Calculator/Preview Content\"";
				DEVELOPMENT_TEAM = FJ799JZWN8;
				ENABLE_HARDENED_RUNTIME = YES;
				ENABLE_PREVIEWS = YES;
				GENERATE_INFOPLIST_FILE = YES;
				INFOPLIST_KEY_LSApplicationCategoryType = "public.app-category.finance";
				"INFOPLIST_KEY_UILaunchScreen_Generation[sdk=iphoneos*]" = YES;
				"INFOPLIST_KEY_UILaunchScreen_Generation[sdk=iphonesimulator*]" = YES;
				INFOPLIST_KEY_UISupportedInterfaceOrientations_iPad = "UIInterfaceOrientationPortrait UIInterfaceOrientationPortraitUpsideDown UIInterfaceOrientationLandscapeLeft UIInterfaceOrientationLandscapeRight";
				INFOPLIST_KEY_UISupportedInterfaceOrientations_iPhone = "UIInterfaceOrientationPortrait UIInterfaceOrientationLandscapeLeft UIInterfaceOrientationLandscapeRight";
				IPHONEOS_DEPLOYMENT_TARGET = 16.0;
				LD_RUNPATH_SEARCH_PATHS = "@executable_path/Frameworks";
				"LD_RUNPATH_SEARCH_PATHS[sdk=macosx*]" = "@executable_path/../Frameworks";
				MACOSX_DEPLOYMENT_TARGET = 13.0;
				MARKETING_VERSION = "1.0 Alpha";
				PRODUCT_BUNDLE_IDENTIFIER = "com.benbrackenbury.Pay-Calculator";
				PRODUCT_NAME = "$(TARGET_NAME)";
				SDKROOT = auto;
				SUPPORTED_PLATFORMS = "iphoneos iphonesimulator macosx";
				SWIFT_EMIT_LOC_STRINGS = YES;
				SWIFT_VERSION = 5.0;
				TARGETED_DEVICE_FAMILY = "1,2";
			};
			name = Debug;
		};
		7E93DA4D286B2AD900331A8A /* Release */ = {
			isa = XCBuildConfiguration;
			buildSettings = {
				ALWAYS_EMBED_SWIFT_STANDARD_LIBRARIES = YES;
				ASSETCATALOG_COMPILER_APPICON_NAME = AppIcon;
				ASSETCATALOG_COMPILER_GLOBAL_ACCENT_COLOR_NAME = AccentColor;
				CODE_SIGN_ENTITLEMENTS = "Pay Calculator/Pay_Calculator.entitlements";
				CODE_SIGN_STYLE = Automatic;
				CURRENT_PROJECT_VERSION = 1.0.0a1;
				DEVELOPMENT_ASSET_PATHS = "\"Pay Calculator/Preview Content\"";
				DEVELOPMENT_TEAM = FJ799JZWN8;
				ENABLE_HARDENED_RUNTIME = YES;
				ENABLE_PREVIEWS = YES;
				GENERATE_INFOPLIST_FILE = YES;
				INFOPLIST_KEY_LSApplicationCategoryType = "public.app-category.finance";
				"INFOPLIST_KEY_UILaunchScreen_Generation[sdk=iphoneos*]" = YES;
				"INFOPLIST_KEY_UILaunchScreen_Generation[sdk=iphonesimulator*]" = YES;
				INFOPLIST_KEY_UISupportedInterfaceOrientations_iPad = "UIInterfaceOrientationPortrait UIInterfaceOrientationPortraitUpsideDown UIInterfaceOrientationLandscapeLeft UIInterfaceOrientationLandscapeRight";
				INFOPLIST_KEY_UISupportedInterfaceOrientations_iPhone = "UIInterfaceOrientationPortrait UIInterfaceOrientationLandscapeLeft UIInterfaceOrientationLandscapeRight";
				IPHONEOS_DEPLOYMENT_TARGET = 16.0;
				LD_RUNPATH_SEARCH_PATHS = "@executable_path/Frameworks";
				"LD_RUNPATH_SEARCH_PATHS[sdk=macosx*]" = "@executable_path/../Frameworks";
				MACOSX_DEPLOYMENT_TARGET = 13.0;
				MARKETING_VERSION = "1.0 Alpha";
				PRODUCT_BUNDLE_IDENTIFIER = "com.benbrackenbury.Pay-Calculator";
				PRODUCT_NAME = "$(TARGET_NAME)";
				SDKROOT = auto;
				SUPPORTED_PLATFORMS = "iphoneos iphonesimulator macosx";
				SWIFT_EMIT_LOC_STRINGS = YES;
				SWIFT_VERSION = 5.0;
				TARGETED_DEVICE_FAMILY = "1,2";
			};
			name = Release;
		};
		7EA4C618286CAEED00A46FF3 /* Debug */ = {
			isa = XCBuildConfiguration;
			buildSettings = {
				ASSETCATALOG_COMPILER_GLOBAL_ACCENT_COLOR_NAME = AccentColor;
				ASSETCATALOG_COMPILER_WIDGET_BACKGROUND_COLOR_NAME = WidgetBackground;
				CODE_SIGN_ENTITLEMENTS = iOSWidgetsExtension.entitlements;
				CODE_SIGN_STYLE = Automatic;
				CURRENT_PROJECT_VERSION = 1;
				DEVELOPMENT_TEAM = FJ799JZWN8;
				GENERATE_INFOPLIST_FILE = YES;
				INFOPLIST_FILE = iOSWidgets/Info.plist;
				INFOPLIST_KEY_CFBundleDisplayName = iOSWidgets;
				INFOPLIST_KEY_NSHumanReadableCopyright = "";
				IPHONEOS_DEPLOYMENT_TARGET = 16.0;
				LD_RUNPATH_SEARCH_PATHS = (
					"$(inherited)",
					"@executable_path/Frameworks",
					"@executable_path/../../Frameworks",
				);
				MARKETING_VERSION = 1.0;
				PRODUCT_BUNDLE_IDENTIFIER = "com.benbrackenbury.Pay-Calculator.iOSWidgets";
				PRODUCT_NAME = "$(TARGET_NAME)";
				SDKROOT = iphoneos;
				SKIP_INSTALL = YES;
				SWIFT_EMIT_LOC_STRINGS = YES;
				SWIFT_VERSION = 5.0;
				TARGETED_DEVICE_FAMILY = "1,2";
			};
			name = Debug;
		};
		7EA4C619286CAEED00A46FF3 /* Release */ = {
			isa = XCBuildConfiguration;
			buildSettings = {
				ASSETCATALOG_COMPILER_GLOBAL_ACCENT_COLOR_NAME = AccentColor;
				ASSETCATALOG_COMPILER_WIDGET_BACKGROUND_COLOR_NAME = WidgetBackground;
				CODE_SIGN_ENTITLEMENTS = iOSWidgetsExtension.entitlements;
				CODE_SIGN_STYLE = Automatic;
				CURRENT_PROJECT_VERSION = 1;
				DEVELOPMENT_TEAM = FJ799JZWN8;
				GENERATE_INFOPLIST_FILE = YES;
				INFOPLIST_FILE = iOSWidgets/Info.plist;
				INFOPLIST_KEY_CFBundleDisplayName = iOSWidgets;
				INFOPLIST_KEY_NSHumanReadableCopyright = "";
				IPHONEOS_DEPLOYMENT_TARGET = 16.0;
				LD_RUNPATH_SEARCH_PATHS = (
					"$(inherited)",
					"@executable_path/Frameworks",
					"@executable_path/../../Frameworks",
				);
				MARKETING_VERSION = 1.0;
				PRODUCT_BUNDLE_IDENTIFIER = "com.benbrackenbury.Pay-Calculator.iOSWidgets";
				PRODUCT_NAME = "$(TARGET_NAME)";
				SDKROOT = iphoneos;
				SKIP_INSTALL = YES;
				SWIFT_EMIT_LOC_STRINGS = YES;
				SWIFT_VERSION = 5.0;
				TARGETED_DEVICE_FAMILY = "1,2";
				VALIDATE_PRODUCT = YES;
			};
			name = Release;
		};
		7EDF7C6C286CC80300D9418F /* Debug */ = {
			isa = XCBuildConfiguration;
			buildSettings = {
				ASSETCATALOG_COMPILER_APPICON_NAME = AppIcon;
				ASSETCATALOG_COMPILER_GLOBAL_ACCENT_COLOR_NAME = AccentColor;
				CODE_SIGN_ENTITLEMENTS = "WatchOS App Watch App/WatchOS App Watch App.entitlements";
				CODE_SIGN_STYLE = Automatic;
				CURRENT_PROJECT_VERSION = 1;
				DEVELOPMENT_ASSET_PATHS = "\"WatchOS App Watch App/Preview Content\"";
				DEVELOPMENT_TEAM = FJ799JZWN8;
				ENABLE_PREVIEWS = YES;
				GENERATE_INFOPLIST_FILE = YES;
				INFOPLIST_KEY_UISupportedInterfaceOrientations = "UIInterfaceOrientationPortrait UIInterfaceOrientationPortraitUpsideDown";
				INFOPLIST_KEY_WKCompanionAppBundleIdentifier = "";
				LD_RUNPATH_SEARCH_PATHS = (
					"$(inherited)",
					"@executable_path/Frameworks",
				);
				MARKETING_VERSION = 1.0;
				PRODUCT_BUNDLE_IDENTIFIER = ".com.benbrackenbury.Pay-Calculator.watch";
				PRODUCT_NAME = "Pay Calculator";
				SDKROOT = watchos;
				SKIP_INSTALL = YES;
				SWIFT_EMIT_LOC_STRINGS = YES;
				SWIFT_VERSION = 5.0;
				TARGETED_DEVICE_FAMILY = 4;
				WATCHOS_DEPLOYMENT_TARGET = 9.0;
			};
			name = Debug;
		};
		7EDF7C6D286CC80300D9418F /* Release */ = {
			isa = XCBuildConfiguration;
			buildSettings = {
				ASSETCATALOG_COMPILER_APPICON_NAME = AppIcon;
				ASSETCATALOG_COMPILER_GLOBAL_ACCENT_COLOR_NAME = AccentColor;
				CODE_SIGN_ENTITLEMENTS = "WatchOS App Watch App/WatchOS App Watch App.entitlements";
				CODE_SIGN_STYLE = Automatic;
				CURRENT_PROJECT_VERSION = 1;
				DEVELOPMENT_ASSET_PATHS = "\"WatchOS App Watch App/Preview Content\"";
				DEVELOPMENT_TEAM = FJ799JZWN8;
				ENABLE_PREVIEWS = YES;
				GENERATE_INFOPLIST_FILE = YES;
				INFOPLIST_KEY_UISupportedInterfaceOrientations = "UIInterfaceOrientationPortrait UIInterfaceOrientationPortraitUpsideDown";
				INFOPLIST_KEY_WKCompanionAppBundleIdentifier = "";
				LD_RUNPATH_SEARCH_PATHS = (
					"$(inherited)",
					"@executable_path/Frameworks",
				);
				MARKETING_VERSION = 1.0;
				PRODUCT_BUNDLE_IDENTIFIER = ".com.benbrackenbury.Pay-Calculator.watch";
				PRODUCT_NAME = "Pay Calculator";
				SDKROOT = watchos;
				SKIP_INSTALL = YES;
				SWIFT_EMIT_LOC_STRINGS = YES;
				SWIFT_VERSION = 5.0;
				TARGETED_DEVICE_FAMILY = 4;
				VALIDATE_PRODUCT = YES;
				WATCHOS_DEPLOYMENT_TARGET = 9.0;
			};
			name = Release;
		};
/* End XCBuildConfiguration section */

/* Begin XCConfigurationList section */
		7E2A92F4286CC2F500F18538 /* Build configuration list for PBXNativeTarget "macOSWidgetsExtension" */ = {
			isa = XCConfigurationList;
			buildConfigurations = (
				7E2A92F5286CC2F500F18538 /* Debug */,
				7E2A92F6286CC2F500F18538 /* Release */,
			);
			defaultConfigurationIsVisible = 0;
			defaultConfigurationName = Release;
		};
		7E93DA37286B2AD900331A8A /* Build configuration list for PBXProject "Pay Calculator" */ = {
			isa = XCConfigurationList;
			buildConfigurations = (
				7E93DA49286B2AD900331A8A /* Debug */,
				7E93DA4A286B2AD900331A8A /* Release */,
			);
			defaultConfigurationIsVisible = 0;
			defaultConfigurationName = Release;
		};
		7E93DA4B286B2AD900331A8A /* Build configuration list for PBXNativeTarget "Pay Calculator" */ = {
			isa = XCConfigurationList;
			buildConfigurations = (
				7E93DA4C286B2AD900331A8A /* Debug */,
				7E93DA4D286B2AD900331A8A /* Release */,
			);
			defaultConfigurationIsVisible = 0;
			defaultConfigurationName = Release;
		};
		7EA4C617286CAEED00A46FF3 /* Build configuration list for PBXNativeTarget "iOSWidgetsExtension" */ = {
			isa = XCConfigurationList;
			buildConfigurations = (
				7EA4C618286CAEED00A46FF3 /* Debug */,
				7EA4C619286CAEED00A46FF3 /* Release */,
			);
			defaultConfigurationIsVisible = 0;
			defaultConfigurationName = Release;
		};
		7EDF7C6E286CC80300D9418F /* Build configuration list for PBXNativeTarget "WatchOS App Watch App" */ = {
			isa = XCConfigurationList;
			buildConfigurations = (
				7EDF7C6C286CC80300D9418F /* Debug */,
				7EDF7C6D286CC80300D9418F /* Release */,
			);
			defaultConfigurationIsVisible = 0;
			defaultConfigurationName = Release;
		};
/* End XCConfigurationList section */
	};
	rootObject = 7E93DA34286B2AD900331A8A /* Project object */;
}
